
Microsoft Visual Studio Solution File, Format Version 12.00
# Visual Studio 15
VisualStudioVersion = 15.0.27004.2002
MinimumVisualStudioVersion = 10.0.40219.1
Project("{FAE04EC0-301F-11D3-BF4B-00C04F79EFBC}") = "webapp", "webapp\webapp.csproj", "{3E3BB05C-E4B6-40B6-81D4-8CC5B06B4890}"
EndProject
Project("{FAE04EC0-301F-11D3-BF4B-00C04F79EFBC}") = "DataLayer", "DataLayer\DataLayer.csproj", "{66ADA253-216A-4802-B847-F2E20C54D18C}"
EndProject
Project("{FAE04EC0-301F-11D3-BF4B-00C04F79EFBC}") = "Models", "Models\Models.csproj", "{F6B17305-EF84-4903-890D-BE210C6BCE3D}"
EndProject
Project("{FAE04EC0-301F-11D3-BF4B-00C04F79EFBC}") = "Businness", "Businnes\Businness.csproj", "{B309ABAA-01B1-4879-AE35-6E16263B17FC}"
EndProject
Global
	GlobalSection(SolutionConfigurationPlatforms) = preSolution
		Debug|Any CPU = Debug|Any CPU
		Release|Any CPU = Release|Any CPU
	EndGlobalSection
	GlobalSection(ProjectConfigurationPlatforms) = postSolution
		{3E3BB05C-E4B6-40B6-81D4-8CC5B06B4890}.Debug|Any CPU.ActiveCfg = Debug|Any CPU
		{3E3BB05C-E4B6-40B6-81D4-8CC5B06B4890}.Debug|Any CPU.Build.0 = Debug|Any CPU
		{3E3BB05C-E4B6-40B6-81D4-8CC5B06B4890}.Release|Any CPU.ActiveCfg = Release|Any CPU
		{3E3BB05C-E4B6-40B6-81D4-8CC5B06B4890}.Release|Any CPU.Build.0 = Release|Any CPU
		{66ADA253-216A-4802-B847-F2E20C54D18C}.Debug|Any CPU.ActiveCfg = Debug|Any CPU
		{66ADA253-216A-4802-B847-F2E20C54D18C}.Debug|Any CPU.Build.0 = Debug|Any CPU
		{66ADA253-216A-4802-B847-F2E20C54D18C}.Release|Any CPU.ActiveCfg = Release|Any CPU
		{66ADA253-216A-4802-B847-F2E20C54D18C}.Release|Any CPU.Build.0 = Release|Any CPU
		{F6B17305-EF84-4903-890D-BE210C6BCE3D}.Debug|Any CPU.ActiveCfg = Debug|Any CPU
		{F6B17305-EF84-4903-890D-BE210C6BCE3D}.Debug|Any CPU.Build.0 = Debug|Any CPU
		{F6B17305-EF84-4903-890D-BE210C6BCE3D}.Release|Any CPU.ActiveCfg = Release|Any CPU
		{F6B17305-EF84-4903-890D-BE210C6BCE3D}.Release|Any CPU.Build.0 = Release|Any CPU
		{B309ABAA-01B1-4879-AE35-6E16263B17FC}.Debug|Any CPU.ActiveCfg = Debug|Any CPU
		{B309ABAA-01B1-4879-AE35-6E16263B17FC}.Debug|Any CPU.Build.0 = Debug|Any CPU
		{B309ABAA-01B1-4879-AE35-6E16263B17FC}.Release|Any CPU.ActiveCfg = Release|Any CPU
		{B309ABAA-01B1-4879-AE35-6E16263B17FC}.Release|Any CPU.Build.0 = Release|Any CPU
	EndGlobalSection
	GlobalSection(SolutionProperties) = preSolution
		HideSolutionNode = FALSE
	EndGlobalSection
	GlobalSection(ExtensibilityGlobals) = postSolution
		SolutionGuid = {21DD89F5-46B6-42C6-9DE1-F36F07052B5D}
	EndGlobalSection
EndGlobal
